
Microsoft Visual Studio Solution File, Format Version 12.00
# Visual Studio 15
VisualStudioVersion = 15.0.26730.16
MinimumVisualStudioVersion = 10.0.40219.1
Project("{FAE04EC0-301F-11D3-BF4B-00C04F79EFBC}") = "Black_Jack", "Black_Jack\Black_Jack.csproj", "{C05B2C2E-C1C5-40F9-ABB3-562C9DB22B82}"
EndProject
Project("{FAE04EC0-301F-11D3-BF4B-00C04F79EFBC}") = "BlackjackTests", "BlackjackTests\BlackjackTests.csproj", "{4E63EDF1-45A4-45FE-834E-8E2D0ED37B5F}"
EndProject
Global
	GlobalSection(SolutionConfigurationPlatforms) = preSolution
		Debug|Any CPU = Debug|Any CPU
		Release|Any CPU = Release|Any CPU
	EndGlobalSection
	GlobalSection(ProjectConfigurationPlatforms) = postSolution
		{C05B2C2E-C1C5-40F9-ABB3-562C9DB22B82}.Debug|Any CPU.ActiveCfg = Debug|Any CPU
		{C05B2C2E-C1C5-40F9-ABB3-562C9DB22B82}.Debug|Any CPU.Build.0 = Debug|Any CPU
		{C05B2C2E-C1C5-40F9-ABB3-562C9DB22B82}.Release|Any CPU.ActiveCfg = Release|Any CPU
		{C05B2C2E-C1C5-40F9-ABB3-562C9DB22B82}.Release|Any CPU.Build.0 = Release|Any CPU
		{4E63EDF1-45A4-45FE-834E-8E2D0ED37B5F}.Debug|Any CPU.ActiveCfg = Debug|Any CPU
		{4E63EDF1-45A4-45FE-834E-8E2D0ED37B5F}.Debug|Any CPU.Build.0 = Debug|Any CPU
		{4E63EDF1-45A4-45FE-834E-8E2D0ED37B5F}.Release|Any CPU.ActiveCfg = Release|Any CPU
		{4E63EDF1-45A4-45FE-834E-8E2D0ED37B5F}.Release|Any CPU.Build.0 = Release|Any CPU
	EndGlobalSection
	GlobalSection(SolutionProperties) = preSolution
		HideSolutionNode = FALSE
	EndGlobalSection
	GlobalSection(ExtensibilityGlobals) = postSolution
		SolutionGuid = {F4105275-4B7F-4FA1-AB55-D43475442C49}
	EndGlobalSection
EndGlobal
